<?xml version="1.0" encoding="utf-8"?>
<Project ToolsVersion="4.0" xmlns="http://schemas.microsoft.com/developer/msbuild/2003">
  <ItemGroup>
    <Filter Include="Source Files">
      <UniqueIdentifier>{4FC737F1-C7A5-4376-A066-2A32D752A2FF}</UniqueIdentifier>
      <Extensions>cpp;c;cc;cxx;c++;cppm;ixx;def;odl;idl;hpj;bat;asm;asmx</Extensions>
    </Filter>
    <Filter Include="Header Files">
      <UniqueIdentifier>{93995380-89BD-4b04-88EB-625FBE52EBFB}</UniqueIdentifier>
      <Extensions>h;hh;hpp;hxx;h++;hm;inl;inc;ipp;xsd</Extensions>
    </Filter>
    <Filter Include="Resource Files">
      <UniqueIdentifier>{67DA6AB6-F800-4c08-8B7A-83BB121AAD01}</UniqueIdentifier>
      <Extensions>rc;ico;cur;bmp;dlg;rc2;rct;bin;rgs;gif;jpg;jpeg;jpe;resx;tiff;tif;png;wav;mfcribbon-ms</Extensions>
    </Filter>
    <Filter Include="Source Files\customClientVariables">
      <UniqueIdentifier>{4b1b4a89-20bc-44f9-9bee-f5591815fa0b}</UniqueIdentifier>
    </Filter>
  </ItemGroup>
  <ItemGroup>
    <ClCompile Include="enigmaShowdownCommunicationClient.cpp">
      <Filter>Source Files</Filter>
    </ClCompile>
    <ClCompile Include="main.cpp">
      <Filter>Source Files</Filter>
    </ClCompile>
    <ClCompile Include="clientBackend.cpp">
      <Filter>Source Files</Filter>
    </ClCompile>
    <ClCompile Include="playerCode.cpp">
      <Filter>Source Files</Filter>
    </ClCompile>
    <ClCompile Include="customClientVariables\playerActionRequest.cpp">
      <Filter>Source Files\customClientVariables</Filter>
    </ClCompile>
    <ClCompile Include="customClientVariables\moveAction.cpp">
      <Filter>Source Files\customClientVariables</Filter>
    </ClCompile>
    <ClCompile Include="customClientVariables\mapCordinate.cpp">
      <Filter>Source Files\customClientVariables</Filter>
    </ClCompile>
    <ClCompile Include="customClientVariables\levelStateBroadcast.cpp">
      <Filter>Source Files\customClientVariables</Filter>
    </ClCompile>
    <ClCompile Include="customClientVariables\entityType.cpp">
      <Filter>Source Files\customClientVariables</Filter>
    </ClCompile>
    <ClCompile Include="customClientVariables\entityState.cpp">
      <Filter>Source Files\customClientVariables</Filter>
    </ClCompile>
    <ClCompile Include="customClientVariables\conquestStateView.cpp">
      <Filter>Source Files\customClientVariables</Filter>
    </ClCompile>
    <ClCompile Include="customClientVariables\conquestAction.cpp">
      <Filter>Source Files\customClientVariables</Filter>
    </ClCompile>
    <ClCompile Include="customClientVariables\barrierTiles.cpp">
      <Filter>Source Files\customClientVariables</Filter>
    </ClCompile>
    <ClCompile Include="customClientVariables\vec2.cpp">
      <Filter>Source Files\customClientVariables</Filter>
    </ClCompile>
    <ClCompile Include="customClientVariables\connectionRequest.cpp">
      <Filter>Source Files\customClientVariables</Filter>
    </ClCompile>
  </ItemGroup>
  <ItemGroup>
    <ClInclude Include="enigmaShowdownCommunicationClient.h">
      <Filter>Source Files</Filter>
    </ClInclude>
    <ClInclude Include="TSQueue.h">
      <Filter>Source Files</Filter>
    </ClInclude>
    <ClInclude Include="json.hpp">
      <Filter>Source Files</Filter>
    </ClInclude>
    <ClInclude Include="enigmaShowdownVariables.h">
      <Filter>Source Files</Filter>
    </ClInclude>
    <ClInclude Include="customClientVariables\barrierTiles.hpp">
      <Filter>Source Files\customClientVariables</Filter>
    </ClInclude>
    <ClInclude Include="customClientVariables\entityState.hpp">
      <Filter>Source Files\customClientVariables</Filter>
    </ClInclude>
    <ClInclude Include="customClientVariables\levelStateBroadcast.hpp">
      <Filter>Source Files\customClientVariables</Filter>
    </ClInclude>
    <ClInclude Include="customClientVariables\mapCordinate.hpp">
      <Filter>Source Files\customClientVariables</Filter>
    </ClInclude>
    <ClInclude Include="customClientVariables\vec2.hpp">
      <Filter>Source Files\customClientVariables</Filter>
    </ClInclude>
    <ClInclude Include="customClientVariables\conquestStateView.hpp">
      <Filter>Source Files\customClientVariables</Filter>
    </ClInclude>
    <ClInclude Include="customClientVariables\entityType.hpp">
      <Filter>Source Files\customClientVariables</Filter>
    </ClInclude>
    <ClInclude Include="customClientVariables\playerActionRequest.hpp">
      <Filter>Source Files\customClientVariables</Filter>
    </ClInclude>
    <ClInclude Include="customClientVariables\conquestAction.hpp">
      <Filter>Source Files\customClientVariables</Filter>
    </ClInclude>
    <ClInclude Include="customClientVariables\moveAction.hpp">
      <Filter>Source Files\customClientVariables</Filter>
    </ClInclude>
    <ClInclude Include="playerCode.h">
      <Filter>Source Files</Filter>
    </ClInclude>
    <ClInclude Include="clientBackend.h">
      <Filter>Source Files</Filter>
    </ClInclude>
    <ClInclude Include="customClientVariables\connectionRequest.h">
      <Filter>Source Files\customClientVariables</Filter>
    </ClInclude>
  </ItemGroup>
  <ItemGroup>
    <Text Include="testMessage.txt" />
  </ItemGroup>
</Project>